
Microsoft Visual Studio Solution File, Format Version 12.00
# Visual Studio Version 16
VisualStudioVersion = 16.0.31205.134
MinimumVisualStudioVersion = 10.0.40219.1
Project("{FAE04EC0-301F-11D3-BF4B-00C04F79EFBC}") = "APIAss", "APIAss.csproj", "{992FAAAD-7F51-4A12-A54B-942F042ED867}"
EndProject
Global
	GlobalSection(SolutionConfigurationPlatforms) = preSolution
		Debug|Any CPU = Debug|Any CPU
		Release|Any CPU = Release|Any CPU
	EndGlobalSection
	GlobalSection(ProjectConfigurationPlatforms) = postSolution
		{992FAAAD-7F51-4A12-A54B-942F042ED867}.Debug|Any CPU.ActiveCfg = Debug|Any CPU
		{992FAAAD-7F51-4A12-A54B-942F042ED867}.Debug|Any CPU.Build.0 = Debug|Any CPU
		{992FAAAD-7F51-4A12-A54B-942F042ED867}.Release|Any CPU.ActiveCfg = Release|Any CPU
		{992FAAAD-7F51-4A12-A54B-942F042ED867}.Release|Any CPU.Build.0 = Release|Any CPU
	EndGlobalSection
	GlobalSection(SolutionProperties) = preSolution
		HideSolutionNode = FALSE
	EndGlobalSection
	GlobalSection(ExtensibilityGlobals) = postSolution
		SolutionGuid = {538A7DAA-81E0-42E4-B67C-CB95C4477374}
	EndGlobalSection
EndGlobal
